
Microsoft Visual Studio Solution File, Format Version 12.00
# Visual Studio Version 17
VisualStudioVersion = 17.0.32126.317
MinimumVisualStudioVersion = 10.0.40219.1
Project("{9A19103F-16F7-4668-BE54-9A1E7A4F7556}") = "CMDSweep", "CMDSweep\CMDSweep.csproj", "{6C12B337-DE88-4D57-8542-1A97E805FC66}"
EndProject
Project("{FAE04EC0-301F-11D3-BF4B-00C04F79EFBC}") = "CMDSweepTests", "CMDSweepTests\CMDSweepTests.csproj", "{3D955B52-E5DF-4691-8C76-3CE22EF0BDB6}"
EndProject
Global
	GlobalSection(SolutionConfigurationPlatforms) = preSolution
		Debug|Any CPU = Debug|Any CPU
		Release|Any CPU = Release|Any CPU
	EndGlobalSection
	GlobalSection(ProjectConfigurationPlatforms) = postSolution
		{6C12B337-DE88-4D57-8542-1A97E805FC66}.Debug|Any CPU.ActiveCfg = Debug|Any CPU
		{6C12B337-DE88-4D57-8542-1A97E805FC66}.Debug|Any CPU.Build.0 = Debug|Any CPU
		{6C12B337-DE88-4D57-8542-1A97E805FC66}.Release|Any CPU.ActiveCfg = Release|Any CPU
		{6C12B337-DE88-4D57-8542-1A97E805FC66}.Release|Any CPU.Build.0 = Release|Any CPU
		{3D955B52-E5DF-4691-8C76-3CE22EF0BDB6}.Debug|Any CPU.ActiveCfg = Debug|Any CPU
		{3D955B52-E5DF-4691-8C76-3CE22EF0BDB6}.Debug|Any CPU.Build.0 = Debug|Any CPU
		{3D955B52-E5DF-4691-8C76-3CE22EF0BDB6}.Release|Any CPU.ActiveCfg = Release|Any CPU
		{3D955B52-E5DF-4691-8C76-3CE22EF0BDB6}.Release|Any CPU.Build.0 = Release|Any CPU
	EndGlobalSection
	GlobalSection(SolutionProperties) = preSolution
		HideSolutionNode = FALSE
	EndGlobalSection
	GlobalSection(ExtensibilityGlobals) = postSolution
		SolutionGuid = {0652A567-D8A1-4349-968C-EF0199908A72}
	EndGlobalSection
EndGlobal
